Microsoft Visual Studio Solution File, Format Version 11.00
# Visual Studio 2008

Project("{0267D352-42A2-9ED6-5329-118334B0BDE0}") = "our-man-dragon", "Assembly-CSharp-firstpass.csproj", "{0CE5663D-1384-1EFA-BFA3-DBFDAD354FBB}"
EndProject
Project("{0267D352-42A2-9ED6-5329-118334B0BDE0}") = "our-man-dragon", "Assembly-CSharp.csproj", "{46E6B59B-1B51-6C36-D9B3-2CB498B21C20}"
EndProject
Project("{0267D352-42A2-9ED6-5329-118334B0BDE0}") = "our-man-dragon", "Assembly-UnityScript-firstpass.unityproj", "{5A7BEC3A-5DFA-9A3C-EDE3-08869E908FCC}"
EndProject
Global
	GlobalSection(SolutionConfigurationPlatforms) = preSolution
		Debug|Any CPU = Debug|Any CPU
		Release|Any CPU = Release|Any CPU
	EndGlobalSection
	GlobalSection(ProjectConfigurationPlatforms) = postSolution
		{0CE5663D-1384-1EFA-BFA3-DBFDAD354FBB}.Debug|Any CPU.ActiveCfg = Debug|Any CPU
		{0CE5663D-1384-1EFA-BFA3-DBFDAD354FBB}.Debug|Any CPU.Build.0 = Debug|Any CPU
		{0CE5663D-1384-1EFA-BFA3-DBFDAD354FBB}.Release|Any CPU.ActiveCfg = Release|Any CPU
		{0CE5663D-1384-1EFA-BFA3-DBFDAD354FBB}.Release|Any CPU.Build.0 = Release|Any CPU
		{46E6B59B-1B51-6C36-D9B3-2CB498B21C20}.Debug|Any CPU.ActiveCfg = Debug|Any CPU
		{46E6B59B-1B51-6C36-D9B3-2CB498B21C20}.Debug|Any CPU.Build.0 = Debug|Any CPU
		{46E6B59B-1B51-6C36-D9B3-2CB498B21C20}.Release|Any CPU.ActiveCfg = Release|Any CPU
		{46E6B59B-1B51-6C36-D9B3-2CB498B21C20}.Release|Any CPU.Build.0 = Release|Any CPU
		{5A7BEC3A-5DFA-9A3C-EDE3-08869E908FCC}.Debug|Any CPU.ActiveCfg = Debug|Any CPU
		{5A7BEC3A-5DFA-9A3C-EDE3-08869E908FCC}.Debug|Any CPU.Build.0 = Debug|Any CPU
		{5A7BEC3A-5DFA-9A3C-EDE3-08869E908FCC}.Release|Any CPU.ActiveCfg = Release|Any CPU
		{5A7BEC3A-5DFA-9A3C-EDE3-08869E908FCC}.Release|Any CPU.Build.0 = Release|Any CPU
	EndGlobalSection
	GlobalSection(SolutionProperties) = preSolution
		HideSolutionNode = FALSE
	EndGlobalSection
																																																																																																				GlobalSection(MonoDevelopProperties) = preSolution
		StartupItem = Assembly-CSharp.csproj
		Policies = $0
		$0.TextStylePolicy = $1
		$1.inheritsSet = null
		$1.scope = text/x-csharp
		$0.CSharpFormattingPolicy = $2
		$2.inheritsSet = Mono
		$2.inheritsScope = text/x-csharp
		$2.scope = text/x-csharp
		$0.TextStylePolicy = $3
		$3.FileWidth = 120
		$3.TabWidth = 4
		$3.EolMarker = Unix
		$3.inheritsSet = Mono
		$3.inheritsScope = text/plain
		$3.scope = text/plain
	EndGlobalSection

EndGlobal
